// !$*UTF8*$!
{
	archiveVersion = 1;
	classes = {
	};
	objectVersion = 56;
	objects = {

/* Begin PBXBuildFile section */
		AB0D00442A40A3630019D62F /* BottleDXVK.swift in Sources */ = {isa = PBXBuildFile; fileRef = AB0D00432A40A3630019D62F /* BottleDXVK.swift */; };
		AB0D00462A40B27F0019D62F /* DXVKUtils.swift in Sources */ = {isa = PBXBuildFile; fileRef = AB0D00452A40B27F0019D62F /* DXVKUtils.swift */; };
		AB0D004A2A40B7670019D62F /* MenuUIStates.swift in Sources */ = {isa = PBXBuildFile; fileRef = AB0D00492A40B7670019D62F /* MenuUIStates.swift */; };
		AB0D004C2A40B8900019D62F /* DXVKInstallView.swift in Sources */ = {isa = PBXBuildFile; fileRef = AB0D004B2A40B8900019D62F /* DXVKInstallView.swift */; };
		AB0D004E2A40E3D30019D62F /* EnvironmentVarsEditor.swift in Sources */ = {isa = PBXBuildFile; fileRef = AB0D004D2A40E3D30019D62F /* EnvironmentVarsEditor.swift */; };
		AB19DA972A358FE400967784 /* Localizable.xcstrings in Resources */ = {isa = PBXBuildFile; fileRef = AB19DA962A358FE400967784 /* Localizable.xcstrings */; };
		AB3BE5EE2A32248D00358BBC /* LaunchExtDropdown.swift in Sources */ = {isa = PBXBuildFile; fileRef = AB3BE5ED2A32248D00358BBC /* LaunchExtDropdown.swift */; };
		AB5CC6C02A308BBB00AEBB2B /* HarborApp.swift in Sources */ = {isa = PBXBuildFile; fileRef = AB5CC6BF2A308BBB00AEBB2B /* HarborApp.swift */; };
		AB5CC6C22A308BBB00AEBB2B /* ContentView.swift in Sources */ = {isa = PBXBuildFile; fileRef = AB5CC6C12A308BBB00AEBB2B /* ContentView.swift */; };
		AB5CC6C42A308BBC00AEBB2B /* Assets.xcassets in Resources */ = {isa = PBXBuildFile; fileRef = AB5CC6C32A308BBC00AEBB2B /* Assets.xcassets */; };
		AB5CC6C72A308BBC00AEBB2B /* Preview Assets.xcassets in Resources */ = {isa = PBXBuildFile; fileRef = AB5CC6C62A308BBC00AEBB2B /* Preview Assets.xcassets */; };
		AB5CC6D62A30910300AEBB2B /* GPKUtils.swift in Sources */ = {isa = PBXBuildFile; fileRef = AB5CC6D52A30910300AEBB2B /* GPKUtils.swift */; };
		AB5CC6D82A30938A00AEBB2B /* BrewInstallView.swift in Sources */ = {isa = PBXBuildFile; fileRef = AB5CC6D72A30938A00AEBB2B /* BrewInstallView.swift */; };
		AB5D49C62A3B5B0B008245A6 /* URLExtensions.swift in Sources */ = {isa = PBXBuildFile; fileRef = AB5D49C52A3B5B0B008245A6 /* URLExtensions.swift */; };
		AB6254342A3CE30D002A6206 /* BottleCardListView.swift in Sources */ = {isa = PBXBuildFile; fileRef = AB6254332A3CE30D002A6206 /* BottleCardListView.swift */; };
		AB6652C22A33342B00F3FC5D /* XCLIInstallView.swift in Sources */ = {isa = PBXBuildFile; fileRef = AB6652C12A33342B00F3FC5D /* XCLIInstallView.swift */; };
		AB6652C42A3334E600F3FC5D /* XCLIUtils.swift in Sources */ = {isa = PBXBuildFile; fileRef = AB6652C32A3334E600F3FC5D /* XCLIUtils.swift */; };
		AB6652C92A3349A400F3FC5D /* HarborMenu.swift in Sources */ = {isa = PBXBuildFile; fileRef = AB6652C82A3349A400F3FC5D /* HarborMenu.swift */; };
		AB6652CD2A3350EC00F3FC5D /* BottleConfigDropdown.swift in Sources */ = {isa = PBXBuildFile; fileRef = AB6652CC2A3350EC00F3FC5D /* BottleConfigDropdown.swift */; };
		AB6A967F2A31045A003A019E /* SetupView.swift in Sources */ = {isa = PBXBuildFile; fileRef = AB6A967E2A31045A003A019E /* SetupView.swift */; };
		AB7A81002A30CC7100AA71A6 /* BrewUtils.swift in Sources */ = {isa = PBXBuildFile; fileRef = AB7A80FF2A30CC7100AA71A6 /* BrewUtils.swift */; };
		AB7A81022A30D2FE00AA71A6 /* HarborUtils.swift in Sources */ = {isa = PBXBuildFile; fileRef = AB7A81012A30D2FE00AA71A6 /* HarborUtils.swift */; };
		ABC0BFCE2A31627400382A42 /* BottleManagementView.swift in Sources */ = {isa = PBXBuildFile; fileRef = ABC0BFCD2A31627400382A42 /* BottleManagementView.swift */; };
		ABC0BFD12A31629300382A42 /* HarborBottle.swift in Sources */ = {isa = PBXBuildFile; fileRef = ABC0BFD02A31629300382A42 /* HarborBottle.swift */; };
		ABC0BFD42A31691500382A42 /* BottleOpsDropdown.swift in Sources */ = {isa = PBXBuildFile; fileRef = ABC0BFD32A31691500382A42 /* BottleOpsDropdown.swift */; };
		ABD56AB32A36E419002A439C /* GPKSafeInstallView.swift in Sources */ = {isa = PBXBuildFile; fileRef = ABD56AB12A36E419002A439C /* GPKSafeInstallView.swift */; };
		ABD56AB42A36E419002A439C /* GPKFastInstallView.swift in Sources */ = {isa = PBXBuildFile; fileRef = ABD56AB22A36E419002A439C /* GPKFastInstallView.swift */; };
		ABF5340A2A3F606A0030677A /* ViewMenu.swift in Sources */ = {isa = PBXBuildFile; fileRef = ABF534092A3F606A0030677A /* ViewMenu.swift */; };
		ABF5340C2A3F63BE0030677A /* BottleManagementCardView.swift in Sources */ = {isa = PBXBuildFile; fileRef = ABF5340B2A3F63BE0030677A /* BottleManagementCardView.swift */; };
		ABF5340E2A3F63FE0030677A /* BottleManagementTableView.swift in Sources */ = {isa = PBXBuildFile; fileRef = ABF5340D2A3F63FE0030677A /* BottleManagementTableView.swift */; };
		FC682EDA2A35FD57000C53D6 /* Environment+GPKUtils.swift in Sources */ = {isa = PBXBuildFile; fileRef = FC682ED92A35FD57000C53D6 /* Environment+GPKUtils.swift */; };
		FC682EDC2A3601E0000C53D6 /* Environment+BrewUtils.swift in Sources */ = {isa = PBXBuildFile; fileRef = FC682EDB2A3601E0000C53D6 /* Environment+BrewUtils.swift */; };
		FC682EDF2A3604B4000C53D6 /* Environment+XCLIUtils.swift in Sources */ = {isa = PBXBuildFile; fileRef = FC682EDE2A3604B4000C53D6 /* Environment+XCLIUtils.swift */; };
/* End PBXBuildFile section */

/* Begin PBXFileReference section */
		AB0D00432A40A3630019D62F /* BottleDXVK.swift */ = {isa = PBXFileReference; lastKnownFileType = sourcecode.swift; path = BottleDXVK.swift; sourceTree = "<group>"; };
		AB0D00452A40B27F0019D62F /* DXVKUtils.swift */ = {isa = PBXFileReference; lastKnownFileType = sourcecode.swift; path = DXVKUtils.swift; sourceTree = "<group>"; };
		AB0D00492A40B7670019D62F /* MenuUIStates.swift */ = {isa = PBXFileReference; lastKnownFileType = sourcecode.swift; path = MenuUIStates.swift; sourceTree = "<group>"; };
		AB0D004B2A40B8900019D62F /* DXVKInstallView.swift */ = {isa = PBXFileReference; lastKnownFileType = sourcecode.swift; path = DXVKInstallView.swift; sourceTree = "<group>"; };
		AB0D004D2A40E3D30019D62F /* EnvironmentVarsEditor.swift */ = {isa = PBXFileReference; lastKnownFileType = sourcecode.swift; path = EnvironmentVarsEditor.swift; sourceTree = "<group>"; };
		AB19DA962A358FE400967784 /* Localizable.xcstrings */ = {isa = PBXFileReference; fileEncoding = 4; lastKnownFileType = text.json.xcstrings; path = Localizable.xcstrings; sourceTree = "<group>"; };
		AB3BE5ED2A32248D00358BBC /* LaunchExtDropdown.swift */ = {isa = PBXFileReference; lastKnownFileType = sourcecode.swift; path = LaunchExtDropdown.swift; sourceTree = "<group>"; };
		AB4707BF2A30C2C60019DC5F /* Harbor.entitlements */ = {isa = PBXFileReference; lastKnownFileType = text.plist.entitlements; path = Harbor.entitlements; sourceTree = "<group>"; };
		AB5CC6BC2A308BBB00AEBB2B /* Harbor.app */ = {isa = PBXFileReference; explicitFileType = wrapper.application; includeInIndex = 0; path = Harbor.app; sourceTree = BUILT_PRODUCTS_DIR; };
		AB5CC6BF2A308BBB00AEBB2B /* HarborApp.swift */ = {isa = PBXFileReference; lastKnownFileType = sourcecode.swift; path = HarborApp.swift; sourceTree = "<group>"; };
		AB5CC6C12A308BBB00AEBB2B /* ContentView.swift */ = {isa = PBXFileReference; lastKnownFileType = sourcecode.swift; path = ContentView.swift; sourceTree = "<group>"; };
		AB5CC6C32A308BBC00AEBB2B /* Assets.xcassets */ = {isa = PBXFileReference; lastKnownFileType = folder.assetcatalog; path = Assets.xcassets; sourceTree = "<group>"; };
		AB5CC6C62A308BBC00AEBB2B /* Preview Assets.xcassets */ = {isa = PBXFileReference; lastKnownFileType = folder.assetcatalog; path = "Preview Assets.xcassets"; sourceTree = "<group>"; };
		AB5CC6D52A30910300AEBB2B /* GPKUtils.swift */ = {isa = PBXFileReference; lastKnownFileType = sourcecode.swift; path = GPKUtils.swift; sourceTree = "<group>"; };
		AB5CC6D72A30938A00AEBB2B /* BrewInstallView.swift */ = {isa = PBXFileReference; lastKnownFileType = sourcecode.swift; path = BrewInstallView.swift; sourceTree = "<group>"; };
		AB5D49C52A3B5B0B008245A6 /* URLExtensions.swift */ = {isa = PBXFileReference; lastKnownFileType = sourcecode.swift; path = URLExtensions.swift; sourceTree = "<group>"; };
		AB6254332A3CE30D002A6206 /* BottleCardListView.swift */ = {isa = PBXFileReference; lastKnownFileType = sourcecode.swift; path = BottleCardListView.swift; sourceTree = "<group>"; };
		AB6652C12A33342B00F3FC5D /* XCLIInstallView.swift */ = {isa = PBXFileReference; lastKnownFileType = sourcecode.swift; path = XCLIInstallView.swift; sourceTree = "<group>"; };
		AB6652C32A3334E600F3FC5D /* XCLIUtils.swift */ = {isa = PBXFileReference; lastKnownFileType = sourcecode.swift; path = XCLIUtils.swift; sourceTree = "<group>"; };
		AB6652C82A3349A400F3FC5D /* HarborMenu.swift */ = {isa = PBXFileReference; lastKnownFileType = sourcecode.swift; path = HarborMenu.swift; sourceTree = "<group>"; };
		AB6652CC2A3350EC00F3FC5D /* BottleConfigDropdown.swift */ = {isa = PBXFileReference; lastKnownFileType = sourcecode.swift; path = BottleConfigDropdown.swift; sourceTree = "<group>"; };
		AB6A967E2A31045A003A019E /* SetupView.swift */ = {isa = PBXFileReference; lastKnownFileType = sourcecode.swift; path = SetupView.swift; sourceTree = "<group>"; };
		AB7A80FF2A30CC7100AA71A6 /* BrewUtils.swift */ = {isa = PBXFileReference; lastKnownFileType = sourcecode.swift; path = BrewUtils.swift; sourceTree = "<group>"; };
		AB7A81012A30D2FE00AA71A6 /* HarborUtils.swift */ = {isa = PBXFileReference; lastKnownFileType = sourcecode.swift; path = HarborUtils.swift; sourceTree = "<group>"; };
		ABC0BFCD2A31627400382A42 /* BottleManagementView.swift */ = {isa = PBXFileReference; lastKnownFileType = sourcecode.swift; path = BottleManagementView.swift; sourceTree = "<group>"; };
		ABC0BFD02A31629300382A42 /* HarborBottle.swift */ = {isa = PBXFileReference; lastKnownFileType = sourcecode.swift; path = HarborBottle.swift; sourceTree = "<group>"; };
		ABC0BFD32A31691500382A42 /* BottleOpsDropdown.swift */ = {isa = PBXFileReference; lastKnownFileType = sourcecode.swift; path = BottleOpsDropdown.swift; sourceTree = "<group>"; };
		ABD56AB12A36E419002A439C /* GPKSafeInstallView.swift */ = {isa = PBXFileReference; fileEncoding = 4; lastKnownFileType = sourcecode.swift; path = GPKSafeInstallView.swift; sourceTree = "<group>"; };
		ABD56AB22A36E419002A439C /* GPKFastInstallView.swift */ = {isa = PBXFileReference; fileEncoding = 4; lastKnownFileType = sourcecode.swift; path = GPKFastInstallView.swift; sourceTree = "<group>"; };
		ABF534092A3F606A0030677A /* ViewMenu.swift */ = {isa = PBXFileReference; lastKnownFileType = sourcecode.swift; path = ViewMenu.swift; sourceTree = "<group>"; };
		ABF5340B2A3F63BE0030677A /* BottleManagementCardView.swift */ = {isa = PBXFileReference; lastKnownFileType = sourcecode.swift; path = BottleManagementCardView.swift; sourceTree = "<group>"; };
		ABF5340D2A3F63FE0030677A /* BottleManagementTableView.swift */ = {isa = PBXFileReference; lastKnownFileType = sourcecode.swift; path = BottleManagementTableView.swift; sourceTree = "<group>"; };
		FC682ED92A35FD57000C53D6 /* Environment+GPKUtils.swift */ = {isa = PBXFileReference; lastKnownFileType = sourcecode.swift; path = "Environment+GPKUtils.swift"; sourceTree = "<group>"; };
		FC682EDB2A3601E0000C53D6 /* Environment+BrewUtils.swift */ = {isa = PBXFileReference; lastKnownFileType = sourcecode.swift; path = "Environment+BrewUtils.swift"; sourceTree = "<group>"; };
		FC682EDE2A3604B4000C53D6 /* Environment+XCLIUtils.swift */ = {isa = PBXFileReference; lastKnownFileType = sourcecode.swift; path = "Environment+XCLIUtils.swift"; sourceTree = "<group>"; };
/* End PBXFileReference section */

/* Begin PBXFrameworksBuildPhase section */
		AB5CC6B92A308BBB00AEBB2B /* Frameworks */ = {
			isa = PBXFrameworksBuildPhase;
			buildActionMask = 2147483647;
			files = (
			);
			runOnlyForDeploymentPostprocessing = 0;
		};
/* End PBXFrameworksBuildPhase section */

/* Begin PBXGroup section */
		AB5CC6B32A308BBB00AEBB2B = {
			isa = PBXGroup;
			children = (
				AB4707BF2A30C2C60019DC5F /* Harbor.entitlements */,
				AB5CC6BE2A308BBB00AEBB2B /* Harbor */,
				AB5CC6BD2A308BBB00AEBB2B /* Products */,
			);
			sourceTree = "<group>";
		};
		AB5CC6BD2A308BBB00AEBB2B /* Products */ = {
			isa = PBXGroup;
			children = (
				AB5CC6BC2A308BBB00AEBB2B /* Harbor.app */,
			);
			name = Products;
			sourceTree = "<group>";
		};
		AB5CC6BE2A308BBB00AEBB2B /* Harbor */ = {
			isa = PBXGroup;
			children = (
				AB5D49C42A3B4F93008245A6 /* Extensions */,
				ABC0BFCF2A31628600382A42 /* Models */,
				AB5CC6C52A308BBC00AEBB2B /* Preview Content */,
				FC682EDD2A360480000C53D6 /* Systems */,
				AB5CC6CE2A308CE200AEBB2B /* UIElements */,
				AB5CC6D42A3090E800AEBB2B /* Utils */,
				AB6A967D2A310443003A019E /* Views */,
				AB5CC6C12A308BBB00AEBB2B /* ContentView.swift */,
				AB5CC6BF2A308BBB00AEBB2B /* HarborApp.swift */,
				AB5CC6C32A308BBC00AEBB2B /* Assets.xcassets */,
				AB19DA962A358FE400967784 /* Localizable.xcstrings */,
			);
			path = Harbor;
			sourceTree = "<group>";
		};
		AB5CC6C52A308BBC00AEBB2B /* Preview Content */ = {
			isa = PBXGroup;
			children = (
				AB5CC6C62A308BBC00AEBB2B /* Preview Assets.xcassets */,
			);
			path = "Preview Content";
			sourceTree = "<group>";
		};
		AB5CC6CE2A308CE200AEBB2B /* UIElements */ = {
			isa = PBXGroup;
			children = (
				AB6652C72A33499700F3FC5D /* Commands */,
				ABC0BFD22A31690500382A42 /* BottleManagement */,
				AB5CC6CF2A308CFF00AEBB2B /* GPKDownload */,
			);
			path = UIElements;
			sourceTree = "<group>";
		};
		AB5CC6CF2A308CFF00AEBB2B /* GPKDownload */ = {
			isa = PBXGroup;
			children = (
				ABD56AB22A36E419002A439C /* GPKFastInstallView.swift */,
				ABD56AB12A36E419002A439C /* GPKSafeInstallView.swift */,
				AB5CC6D72A30938A00AEBB2B /* BrewInstallView.swift */,
				AB6652C12A33342B00F3FC5D /* XCLIInstallView.swift */,
			);
			path = GPKDownload;
			sourceTree = "<group>";
		};
		AB5CC6D42A3090E800AEBB2B /* Utils */ = {
			isa = PBXGroup;
			children = (
				AB7A81012A30D2FE00AA71A6 /* HarborUtils.swift */,
				FC682ED92A35FD57000C53D6 /* Environment+GPKUtils.swift */,
				FC682EDB2A3601E0000C53D6 /* Environment+BrewUtils.swift */,
				FC682EDE2A3604B4000C53D6 /* Environment+XCLIUtils.swift */,
				AB0D00492A40B7670019D62F /* MenuUIStates.swift */,
			);
			path = Utils;
			sourceTree = "<group>";
		};
		AB5D49C42A3B4F93008245A6 /* Extensions */ = {
			isa = PBXGroup;
			children = (
				AB5D49C52A3B5B0B008245A6 /* URLExtensions.swift */,
			);
			path = Extensions;
			sourceTree = "<group>";
		};
		AB6652C72A33499700F3FC5D /* Commands */ = {
			isa = PBXGroup;
			children = (
				AB6652C82A3349A400F3FC5D /* HarborMenu.swift */,
				ABF534092A3F606A0030677A /* ViewMenu.swift */,
			);
			path = Commands;
			sourceTree = "<group>";
		};
		AB6A967D2A310443003A019E /* Views */ = {
			isa = PBXGroup;
			children = (
				AB6A967E2A31045A003A019E /* SetupView.swift */,
				ABC0BFCD2A31627400382A42 /* BottleManagementView.swift */,
				ABF5340D2A3F63FE0030677A /* BottleManagementTableView.swift */,
				ABF5340B2A3F63BE0030677A /* BottleManagementCardView.swift */,
			);
			path = Views;
			sourceTree = "<group>";
		};
		ABC0BFCF2A31628600382A42 /* Models */ = {
			isa = PBXGroup;
			children = (
				ABC0BFD02A31629300382A42 /* HarborBottle.swift */,
			);
			path = Models;
			sourceTree = "<group>";
		};
		ABC0BFD22A31690500382A42 /* BottleManagement */ = {
			isa = PBXGroup;
			children = (
				ABC0BFD32A31691500382A42 /* BottleOpsDropdown.swift */,
				AB3BE5ED2A32248D00358BBC /* LaunchExtDropdown.swift */,
				AB6652CC2A3350EC00F3FC5D /* BottleConfigDropdown.swift */,
				AB6254332A3CE30D002A6206 /* BottleCardListView.swift */,
				AB0D004B2A40B8900019D62F /* DXVKInstallView.swift */,
				AB0D004D2A40E3D30019D62F /* EnvironmentVarsEditor.swift */,
			);
			path = BottleManagement;
			sourceTree = "<group>";
		};
		FC682EDD2A360480000C53D6 /* Systems */ = {
			isa = PBXGroup;
			children = (
				AB7A80FF2A30CC7100AA71A6 /* BrewUtils.swift */,
				AB5CC6D52A30910300AEBB2B /* GPKUtils.swift */,
				AB6652C32A3334E600F3FC5D /* XCLIUtils.swift */,
				AB0D00452A40B27F0019D62F /* DXVKUtils.swift */,
				AB0D00432A40A3630019D62F /* BottleDXVK.swift */,
			);
			path = Systems;
			sourceTree = "<group>";
		};
/* End PBXGroup section */

/* Begin PBXNativeTarget section */
		AB5CC6BB2A308BBB00AEBB2B /* Harbor */ = {
			isa = PBXNativeTarget;
			buildConfigurationList = AB5CC6CB2A308BBC00AEBB2B /* Build configuration list for PBXNativeTarget "Harbor" */;
			buildPhases = (
				AB8747542A3630620099522A /* ShellScript */,
				AB5CC6B82A308BBB00AEBB2B /* Sources */,
				AB5CC6B92A308BBB00AEBB2B /* Frameworks */,
				AB5CC6BA2A308BBB00AEBB2B /* Resources */,
			);
			buildRules = (
			);
			dependencies = (
			);
			name = Harbor;
			productName = Harbor;
			productReference = AB5CC6BC2A308BBB00AEBB2B /* Harbor.app */;
			productType = "com.apple.product-type.application";
		};
/* End PBXNativeTarget section */

/* Begin PBXProject section */
		AB5CC6B42A308BBB00AEBB2B /* Project object */ = {
			isa = PBXProject;
			attributes = {
				BuildIndependentTargetsInParallel = 1;
				LastSwiftUpdateCheck = 1430;
				LastUpgradeCheck = 1500;
				TargetAttributes = {
					AB5CC6BB2A308BBB00AEBB2B = {
						CreatedOnToolsVersion = 14.3.1;
					};
				};
			};
			buildConfigurationList = AB5CC6B72A308BBB00AEBB2B /* Build configuration list for PBXProject "Harbor" */;
			compatibilityVersion = "Xcode 14.0";
			developmentRegion = en;
			hasScannedForEncodings = 0;
			knownRegions = (
				en,
				Base,
				vi,
				pl,
			);
			mainGroup = AB5CC6B32A308BBB00AEBB2B;
			productRefGroup = AB5CC6BD2A308BBB00AEBB2B /* Products */;
			projectDirPath = "";
			projectRoot = "";
			targets = (
				AB5CC6BB2A308BBB00AEBB2B /* Harbor */,
			);
		};
/* End PBXProject section */

/* Begin PBXResourcesBuildPhase section */
		AB5CC6BA2A308BBB00AEBB2B /* Resources */ = {
			isa = PBXResourcesBuildPhase;
			buildActionMask = 2147483647;
			files = (
				AB5CC6C72A308BBC00AEBB2B /* Preview Assets.xcassets in Resources */,
				AB5CC6C42A308BBC00AEBB2B /* Assets.xcassets in Resources */,
				AB19DA972A358FE400967784 /* Localizable.xcstrings in Resources */,
			);
			runOnlyForDeploymentPostprocessing = 0;
		};
/* End PBXResourcesBuildPhase section */

/* Begin PBXShellScriptBuildPhase section */
		AB8747542A3630620099522A /* ShellScript */ = {
			isa = PBXShellScriptBuildPhase;
			alwaysOutOfDate = 1;
			buildActionMask = 2147483647;
			files = (
			);
			inputFileListPaths = (
			);
			inputPaths = (
			);
			outputFileListPaths = (
			);
			outputPaths = (
			);
			runOnlyForDeploymentPostprocessing = 0;
			shellPath = /bin/sh;
			shellScript = "# Type a script or drag a script file from your workspace to insert its path.\nif [[ \"$(uname -m)\" == arm64 ]]; then\n    export PATH=\"/opt/homebrew/bin:$PATH\"\nfi\n\nif which swiftlint > /dev/null; then\n  swiftlint\nelse\n  echo \"warning: SwiftLint not installed, download from https://github.com/realm/SwiftLint\"\nfi\n";
		};
/* End PBXShellScriptBuildPhase section */

/* Begin PBXSourcesBuildPhase section */
		AB5CC6B82A308BBB00AEBB2B /* Sources */ = {
			isa = PBXSourcesBuildPhase;
			buildActionMask = 2147483647;
			files = (
				ABF5340E2A3F63FE0030677A /* BottleManagementTableView.swift in Sources */,
				AB5CC6D82A30938A00AEBB2B /* BrewInstallView.swift in Sources */,
				ABD56AB42A36E419002A439C /* GPKFastInstallView.swift in Sources */,
				FC682EDA2A35FD57000C53D6 /* Environment+GPKUtils.swift in Sources */,
				AB0D00442A40A3630019D62F /* BottleDXVK.swift in Sources */,
				AB0D004C2A40B8900019D62F /* DXVKInstallView.swift in Sources */,
				AB0D004E2A40E3D30019D62F /* EnvironmentVarsEditor.swift in Sources */,
				AB7A81002A30CC7100AA71A6 /* BrewUtils.swift in Sources */,
				AB6652CD2A3350EC00F3FC5D /* BottleConfigDropdown.swift in Sources */,
				AB5CC6D62A30910300AEBB2B /* GPKUtils.swift in Sources */,
				AB3BE5EE2A32248D00358BBC /* LaunchExtDropdown.swift in Sources */,
				AB5D49C62A3B5B0B008245A6 /* URLExtensions.swift in Sources */,
				AB5CC6C22A308BBB00AEBB2B /* ContentView.swift in Sources */,
				FC682EDC2A3601E0000C53D6 /* Environment+BrewUtils.swift in Sources */,
				ABD56AB32A36E419002A439C /* GPKSafeInstallView.swift in Sources */,
				AB5CC6C02A308BBB00AEBB2B /* HarborApp.swift in Sources */,
				AB7A81022A30D2FE00AA71A6 /* HarborUtils.swift in Sources */,
				ABF5340C2A3F63BE0030677A /* BottleManagementCardView.swift in Sources */,
				AB6652C42A3334E600F3FC5D /* XCLIUtils.swift in Sources */,
				AB6254342A3CE30D002A6206 /* BottleCardListView.swift in Sources */,
				AB6A967F2A31045A003A019E /* SetupView.swift in Sources */,
				ABC0BFD12A31629300382A42 /* HarborBottle.swift in Sources */,
				AB0D004A2A40B7670019D62F /* MenuUIStates.swift in Sources */,
				ABC0BFCE2A31627400382A42 /* BottleManagementView.swift in Sources */,
				AB6652C22A33342B00F3FC5D /* XCLIInstallView.swift in Sources */,
				ABF5340A2A3F606A0030677A /* ViewMenu.swift in Sources */,
				AB6652C92A3349A400F3FC5D /* HarborMenu.swift in Sources */,
				AB0D00462A40B27F0019D62F /* DXVKUtils.swift in Sources */,
				FC682EDF2A3604B4000C53D6 /* Environment+XCLIUtils.swift in Sources */,
				ABC0BFD42A31691500382A42 /* BottleOpsDropdown.swift in Sources */,
			);
			runOnlyForDeploymentPostprocessing = 0;
		};
/* End PBXSourcesBuildPhase section */

/* Begin XCBuildConfiguration section */
		AB5CC6C92A308BBC00AEBB2B /* Debug */ = {
			isa = XCBuildConfiguration;
			buildSettings = {
				ALWAYS_SEARCH_USER_PATHS = NO;
				CLANG_ANALYZER_NONNULL = YES;
				CLANG_ANALYZER_NUMBER_OBJECT_CONVERSION = YES_AGGRESSIVE;
				CLANG_CXX_LANGUAGE_STANDARD = "gnu++20";
				CLANG_ENABLE_MODULES = YES;
				CLANG_ENABLE_OBJC_ARC = YES;
				CLANG_ENABLE_OBJC_WEAK = YES;
				CLANG_WARN_BLOCK_CAPTURE_AUTORELEASING = YES;
				CLANG_WARN_BOOL_CONVERSION = YES;
				CLANG_WARN_COMMA = YES;
				CLANG_WARN_CONSTANT_CONVERSION = YES;
				CLANG_WARN_DEPRECATED_OBJC_IMPLEMENTATIONS = YES;
				CLANG_WARN_DIRECT_OBJC_ISA_USAGE = YES_ERROR;
				CLANG_WARN_DOCUMENTATION_COMMENTS = YES;
				CLANG_WARN_EMPTY_BODY = YES;
				CLANG_WARN_ENUM_CONVERSION = YES;
				CLANG_WARN_INFINITE_RECURSION = YES;
				CLANG_WARN_INT_CONVERSION = YES;
				CLANG_WARN_NON_LITERAL_NULL_CONVERSION = YES;
				CLANG_WARN_OBJC_IMPLICIT_RETAIN_SELF = YES;
				CLANG_WARN_OBJC_LITERAL_CONVERSION = YES;
				CLANG_WARN_OBJC_ROOT_CLASS = YES_ERROR;
				CLANG_WARN_QUOTED_INCLUDE_IN_FRAMEWORK_HEADER = YES;
				CLANG_WARN_RANGE_LOOP_ANALYSIS = YES;
				CLANG_WARN_STRICT_PROTOTYPES = YES;
				CLANG_WARN_SUSPICIOUS_MOVE = YES;
				CLANG_WARN_UNGUARDED_AVAILABILITY = YES_AGGRESSIVE;
				CLANG_WARN_UNREACHABLE_CODE = YES;
				CLANG_WARN__DUPLICATE_METHOD_MATCH = YES;
				COPY_PHASE_STRIP = NO;
				DEAD_CODE_STRIPPING = YES;
				DEBUG_INFORMATION_FORMAT = dwarf;
				ENABLE_STRICT_OBJC_MSGSEND = YES;
				ENABLE_TESTABILITY = YES;
				ENABLE_USER_SCRIPT_SANDBOXING = YES;
				GCC_C_LANGUAGE_STANDARD = gnu11;
				GCC_DYNAMIC_NO_PIC = NO;
				GCC_NO_COMMON_BLOCKS = YES;
				GCC_OPTIMIZATION_LEVEL = 0;
				GCC_PREPROCESSOR_DEFINITIONS = (
					"DEBUG=1",
					"$(inherited)",
				);
				GCC_WARN_64_TO_32_BIT_CONVERSION = YES;
				GCC_WARN_ABOUT_RETURN_TYPE = YES_ERROR;
				GCC_WARN_UNDECLARED_SELECTOR = YES;
				GCC_WARN_UNINITIALIZED_AUTOS = YES_AGGRESSIVE;
				GCC_WARN_UNUSED_FUNCTION = YES;
				GCC_WARN_UNUSED_VARIABLE = YES;
				MACOSX_DEPLOYMENT_TARGET = 14.0;
				MTL_ENABLE_DEBUG_INFO = INCLUDE_SOURCE;
				MTL_FAST_MATH = YES;
				ONLY_ACTIVE_ARCH = YES;
				SDKROOT = macosx;
				SWIFT_ACTIVE_COMPILATION_CONDITIONS = DEBUG;
				SWIFT_OPTIMIZATION_LEVEL = "-Onone";
			};
			name = Debug;
		};
		AB5CC6CA2A308BBC00AEBB2B /* Release */ = {
			isa = XCBuildConfiguration;
			buildSettings = {
				ALWAYS_SEARCH_USER_PATHS = NO;
				CLANG_ANALYZER_NONNULL = YES;
				CLANG_ANALYZER_NUMBER_OBJECT_CONVERSION = YES_AGGRESSIVE;
				CLANG_CXX_LANGUAGE_STANDARD = "gnu++20";
				CLANG_ENABLE_MODULES = YES;
				CLANG_ENABLE_OBJC_ARC = YES;
				CLANG_ENABLE_OBJC_WEAK = YES;
				CLANG_WARN_BLOCK_CAPTURE_AUTORELEASING = YES;
				CLANG_WARN_BOOL_CONVERSION = YES;
				CLANG_WARN_COMMA = YES;
				CLANG_WARN_CONSTANT_CONVERSION = YES;
				CLANG_WARN_DEPRECATED_OBJC_IMPLEMENTATIONS = YES;
				CLANG_WARN_DIRECT_OBJC_ISA_USAGE = YES_ERROR;
				CLANG_WARN_DOCUMENTATION_COMMENTS = YES;
				CLANG_WARN_EMPTY_BODY = YES;
				CLANG_WARN_ENUM_CONVERSION = YES;
				CLANG_WARN_INFINITE_RECURSION = YES;
				CLANG_WARN_INT_CONVERSION = YES;
				CLANG_WARN_NON_LITERAL_NULL_CONVERSION = YES;
				CLANG_WARN_OBJC_IMPLICIT_RETAIN_SELF = YES;
				CLANG_WARN_OBJC_LITERAL_CONVERSION = YES;
				CLANG_WARN_OBJC_ROOT_CLASS = YES_ERROR;
				CLANG_WARN_QUOTED_INCLUDE_IN_FRAMEWORK_HEADER = YES;
				CLANG_WARN_RANGE_LOOP_ANALYSIS = YES;
				CLANG_WARN_STRICT_PROTOTYPES = YES;
				CLANG_WARN_SUSPICIOUS_MOVE = YES;
				CLANG_WARN_UNGUARDED_AVAILABILITY = YES_AGGRESSIVE;
				CLANG_WARN_UNREACHABLE_CODE = YES;
				CLANG_WARN__DUPLICATE_METHOD_MATCH = YES;
				COPY_PHASE_STRIP = NO;
				DEAD_CODE_STRIPPING = YES;
				DEBUG_INFORMATION_FORMAT = "dwarf-with-dsym";
				ENABLE_NS_ASSERTIONS = NO;
				ENABLE_STRICT_OBJC_MSGSEND = YES;
				ENABLE_USER_SCRIPT_SANDBOXING = YES;
				GCC_C_LANGUAGE_STANDARD = gnu11;
				GCC_NO_COMMON_BLOCKS = YES;
				GCC_WARN_64_TO_32_BIT_CONVERSION = YES;
				GCC_WARN_ABOUT_RETURN_TYPE = YES_ERROR;
				GCC_WARN_UNDECLARED_SELECTOR = YES;
				GCC_WARN_UNINITIALIZED_AUTOS = YES_AGGRESSIVE;
				GCC_WARN_UNUSED_FUNCTION = YES;
				GCC_WARN_UNUSED_VARIABLE = YES;
				MACOSX_DEPLOYMENT_TARGET = 14.0;
				MTL_ENABLE_DEBUG_INFO = NO;
				MTL_FAST_MATH = YES;
				SDKROOT = macosx;
				SWIFT_COMPILATION_MODE = wholemodule;
				SWIFT_OPTIMIZATION_LEVEL = "-O";
			};
			name = Release;
		};
		AB5CC6CC2A308BBC00AEBB2B /* Debug */ = {
			isa = XCBuildConfiguration;
			buildSettings = {
				ASSETCATALOG_COMPILER_APPICON_NAME = AppIcon;
				ASSETCATALOG_COMPILER_GLOBAL_ACCENT_COLOR_NAME = AccentColor;
				ASSETCATALOG_COMPILER_INCLUDE_ALL_APPICON_ASSETS = NO;
				CODE_SIGN_ENTITLEMENTS = Harbor/Harbor.entitlements;
				"CODE_SIGN_IDENTITY[sdk=macosx*]" = "Apple Development";
				CODE_SIGN_STYLE = Automatic;
				COMBINE_HIDPI_IMAGES = YES;
				CURRENT_PROJECT_VERSION = 2;
				DEAD_CODE_STRIPPING = YES;
				DEVELOPMENT_ASSET_PATHS = "\"Harbor/Preview Content\"";
				DEVELOPMENT_TEAM = PSAZVTU7XU;
				ENABLE_HARDENED_RUNTIME = YES;
				ENABLE_PREVIEWS = YES;
				ENABLE_USER_SCRIPT_SANDBOXING = NO;
				GENERATE_INFOPLIST_FILE = YES;
				INFOPLIST_FILE = Harbor/Info.plist;
				INFOPLIST_KEY_CFBundleDisplayName = Harbor;
				INFOPLIST_KEY_LSApplicationCategoryType = "public.app-category.developer-tools";
				INFOPLIST_KEY_NSAppleEventsUsageDescription = "Harbor needs your permission to run terminal commands";
				INFOPLIST_KEY_NSDownloadsFolderUsageDescription = "Harbor needs to access your Documents folder to look for the GPK";
				INFOPLIST_KEY_NSHumanReadableCopyright = "";
				LD_RUNPATH_SEARCH_PATHS = (
					"$(inherited)",
					"@executable_path/../Frameworks",
				);
				MACOSX_DEPLOYMENT_TARGET = 14.0;
				MARKETING_VERSION = 0.2.1;
				PRODUCT_BUNDLE_IDENTIFIER = dev.ohaiibuzzle.Harbor;
				PRODUCT_NAME = "$(TARGET_NAME)";
				SWIFT_EMIT_LOC_STRINGS = YES;
				SWIFT_VERSION = 5.0;
			};
			name = Debug;
		};
		AB5CC6CD2A308BBC00AEBB2B /* Release */ = {
			isa = XCBuildConfiguration;
			buildSettings = {
				ASSETCATALOG_COMPILER_APPICON_NAME = AppIcon;
				ASSETCATALOG_COMPILER_GLOBAL_ACCENT_COLOR_NAME = AccentColor;
				ASSETCATALOG_COMPILER_INCLUDE_ALL_APPICON_ASSETS = NO;
				CODE_SIGN_ENTITLEMENTS = Harbor/Harbor.entitlements;
				"CODE_SIGN_IDENTITY[sdk=macosx*]" = "Apple Development";
				CODE_SIGN_STYLE = Automatic;
				COMBINE_HIDPI_IMAGES = YES;
				CURRENT_PROJECT_VERSION = 2;
				DEAD_CODE_STRIPPING = YES;
				DEVELOPMENT_ASSET_PATHS = "\"Harbor/Preview Content\"";
				DEVELOPMENT_TEAM = PSAZVTU7XU;
				ENABLE_HARDENED_RUNTIME = YES;
				ENABLE_PREVIEWS = YES;
				ENABLE_USER_SCRIPT_SANDBOXING = NO;
				GENERATE_INFOPLIST_FILE = YES;
				INFOPLIST_FILE = Harbor/Info.plist;
				INFOPLIST_KEY_CFBundleDisplayName = Harbor;
				INFOPLIST_KEY_LSApplicationCategoryType = "public.app-category.developer-tools";
				INFOPLIST_KEY_NSAppleEventsUsageDescription = "Harbor needs your permission to run terminal commands";
				INFOPLIST_KEY_NSDownloadsFolderUsageDescription = "Harbor needs to access your Documents folder to look for the GPK";
				INFOPLIST_KEY_NSHumanReadableCopyright = "";
				LD_RUNPATH_SEARCH_PATHS = (
					"$(inherited)",
					"@executable_path/../Frameworks",
				);
				MACOSX_DEPLOYMENT_TARGET = 14.0;
				MARKETING_VERSION = 0.2.1;
				PRODUCT_BUNDLE_IDENTIFIER = dev.ohaiibuzzle.Harbor;
				PRODUCT_NAME = "$(TARGET_NAME)";
				SWIFT_EMIT_LOC_STRINGS = YES;
				SWIFT_VERSION = 5.0;
			};
			name = Release;
		};
/* End XCBuildConfiguration section */

/* Begin XCConfigurationList section */
		AB5CC6B72A308BBB00AEBB2B /* Build configuration list for PBXProject "Harbor" */ = {
			isa = XCConfigurationList;
			buildConfigurations = (
				AB5CC6C92A308BBC00AEBB2B /* Debug */,
				AB5CC6CA2A308BBC00AEBB2B /* Release */,
			);
			defaultConfigurationIsVisible = 0;
			defaultConfigurationName = Release;
		};
		AB5CC6CB2A308BBC00AEBB2B /* Build configuration list for PBXNativeTarget "Harbor" */ = {
			isa = XCConfigurationList;
			buildConfigurations = (
				AB5CC6CC2A308BBC00AEBB2B /* Debug */,
				AB5CC6CD2A308BBC00AEBB2B /* Release */,
			);
			defaultConfigurationIsVisible = 0;
			defaultConfigurationName = Release;
		};
/* End XCConfigurationList section */
	};
	rootObject = AB5CC6B42A308BBB00AEBB2B /* Project object */;
}
